
Microsoft Visual Studio Solution File, Format Version 12.00
# Visual Studio Version 16
VisualStudioVersion = 16.0.30128.74
MinimumVisualStudioVersion = 10.0.40219.1
Project("{FAE04EC0-301F-11D3-BF4B-00C04F79EFBC}") = "AudioPlayermSample.UWP", "AudioPlayermSample\AudioPlayermSample.UWP\AudioPlayermSample.UWP.csproj", "{39FA643C-E099-4BD4-9D1E-4BDB5AC0FBFC}"
EndProject
Project("{FAE04EC0-301F-11D3-BF4B-00C04F79EFBC}") = "AudioPlayermSample.Android", "AudioPlayermSample\AudioPlayermSample.Android\AudioPlayermSample.Android.csproj", "{212FBA9F-47CE-44DD-B9FE-DD7A1F7DCA40}"
EndProject
Project("{FAE04EC0-301F-11D3-BF4B-00C04F79EFBC}") = "AudioPlayermSample.iOS", "AudioPlayermSample\AudioPlayermSample.iOS\AudioPlayermSample.iOS.csproj", "{BED6CD1D-9CAC-49B3-89DC-DB4C04733212}"
EndProject
Project("{FAE04EC0-301F-11D3-BF4B-00C04F79EFBC}") = "AudioPlayermSample", "AudioPlayermSample\AudioPlayermSample\AudioPlayermSample.csproj", "{FBFAE3A9-CD1A-4FD9-B9DD-B54DBFDE26DD}"
EndProject
Global
	GlobalSection(SolutionConfigurationPlatforms) = preSolution
		Debug|Any CPU = Debug|Any CPU
		Debug|ARM = Debug|ARM
		Debug|iPhone = Debug|iPhone
		Debug|iPhoneSimulator = Debug|iPhoneSimulator
		Debug|x64 = Debug|x64
		Debug|x86 = Debug|x86
		Release|Any CPU = Release|Any CPU
		Release|ARM = Release|ARM
		Release|iPhone = Release|iPhone
		Release|iPhoneSimulator = Release|iPhoneSimulator
		Release|x64 = Release|x64
		Release|x86 = Release|x86
	EndGlobalSection
	GlobalSection(ProjectConfigurationPlatforms) = postSolution
		{39FA643C-E099-4BD4-9D1E-4BDB5AC0FBFC}.Debug|Any CPU.ActiveCfg = Debug|x86
		{39FA643C-E099-4BD4-9D1E-4BDB5AC0FBFC}.Debug|Any CPU.Build.0 = Debug|x86
		{39FA643C-E099-4BD4-9D1E-4BDB5AC0FBFC}.Debug|Any CPU.Deploy.0 = Debug|x86
		{39FA643C-E099-4BD4-9D1E-4BDB5AC0FBFC}.Debug|ARM.ActiveCfg = Debug|ARM
		{39FA643C-E099-4BD4-9D1E-4BDB5AC0FBFC}.Debug|ARM.Build.0 = Debug|ARM
		{39FA643C-E099-4BD4-9D1E-4BDB5AC0FBFC}.Debug|ARM.Deploy.0 = Debug|ARM
		{39FA643C-E099-4BD4-9D1E-4BDB5AC0FBFC}.Debug|iPhone.ActiveCfg = Debug|x86
		{39FA643C-E099-4BD4-9D1E-4BDB5AC0FBFC}.Debug|iPhone.Build.0 = Debug|x86
		{39FA643C-E099-4BD4-9D1E-4BDB5AC0FBFC}.Debug|iPhone.Deploy.0 = Debug|x86
		{39FA643C-E099-4BD4-9D1E-4BDB5AC0FBFC}.Debug|iPhoneSimulator.ActiveCfg = Debug|x86
		{39FA643C-E099-4BD4-9D1E-4BDB5AC0FBFC}.Debug|iPhoneSimulator.Build.0 = Debug|x86
		{39FA643C-E099-4BD4-9D1E-4BDB5AC0FBFC}.Debug|iPhoneSimulator.Deploy.0 = Debug|x86
		{39FA643C-E099-4BD4-9D1E-4BDB5AC0FBFC}.Debug|x64.ActiveCfg = Debug|x64
		{39FA643C-E099-4BD4-9D1E-4BDB5AC0FBFC}.Debug|x64.Build.0 = Debug|x64
		{39FA643C-E099-4BD4-9D1E-4BDB5AC0FBFC}.Debug|x64.Deploy.0 = Debug|x64
		{39FA643C-E099-4BD4-9D1E-4BDB5AC0FBFC}.Debug|x86.ActiveCfg = Debug|x86
		{39FA643C-E099-4BD4-9D1E-4BDB5AC0FBFC}.Debug|x86.Build.0 = Debug|x86
		{39FA643C-E099-4BD4-9D1E-4BDB5AC0FBFC}.Debug|x86.Deploy.0 = Debug|x86
		{39FA643C-E099-4BD4-9D1E-4BDB5AC0FBFC}.Release|Any CPU.ActiveCfg = Release|x86
		{39FA643C-E099-4BD4-9D1E-4BDB5AC0FBFC}.Release|Any CPU.Build.0 = Release|x86
		{39FA643C-E099-4BD4-9D1E-4BDB5AC0FBFC}.Release|Any CPU.Deploy.0 = Release|x86
		{39FA643C-E099-4BD4-9D1E-4BDB5AC0FBFC}.Release|ARM.ActiveCfg = Release|ARM
		{39FA643C-E099-4BD4-9D1E-4BDB5AC0FBFC}.Release|ARM.Build.0 = Release|ARM
		{39FA643C-E099-4BD4-9D1E-4BDB5AC0FBFC}.Release|ARM.Deploy.0 = Release|ARM
		{39FA643C-E099-4BD4-9D1E-4BDB5AC0FBFC}.Release|iPhone.ActiveCfg = Release|x86
		{39FA643C-E099-4BD4-9D1E-4BDB5AC0FBFC}.Release|iPhone.Build.0 = Release|x86
		{39FA643C-E099-4BD4-9D1E-4BDB5AC0FBFC}.Release|iPhone.Deploy.0 = Release|x86
		{39FA643C-E099-4BD4-9D1E-4BDB5AC0FBFC}.Release|iPhoneSimulator.ActiveCfg = Release|x86
		{39FA643C-E099-4BD4-9D1E-4BDB5AC0FBFC}.Release|iPhoneSimulator.Build.0 = Release|x86
		{39FA643C-E099-4BD4-9D1E-4BDB5AC0FBFC}.Release|iPhoneSimulator.Deploy.0 = Release|x86
		{39FA643C-E099-4BD4-9D1E-4BDB5AC0FBFC}.Release|x64.ActiveCfg = Release|x64
		{39FA643C-E099-4BD4-9D1E-4BDB5AC0FBFC}.Release|x64.Build.0 = Release|x64
		{39FA643C-E099-4BD4-9D1E-4BDB5AC0FBFC}.Release|x64.Deploy.0 = Release|x64
		{39FA643C-E099-4BD4-9D1E-4BDB5AC0FBFC}.Release|x86.ActiveCfg = Release|x86
		{39FA643C-E099-4BD4-9D1E-4BDB5AC0FBFC}.Release|x86.Build.0 = Release|x86
		{39FA643C-E099-4BD4-9D1E-4BDB5AC0FBFC}.Release|x86.Deploy.0 = Release|x86
		{212FBA9F-47CE-44DD-B9FE-DD7A1F7DCA40}.Debug|Any CPU.ActiveCfg = Debug|Any CPU
		{212FBA9F-47CE-44DD-B9FE-DD7A1F7DCA40}.Debug|Any CPU.Build.0 = Debug|Any CPU
		{212FBA9F-47CE-44DD-B9FE-DD7A1F7DCA40}.Debug|Any CPU.Deploy.0 = Debug|Any CPU
		{212FBA9F-47CE-44DD-B9FE-DD7A1F7DCA40}.Debug|ARM.ActiveCfg = Debug|Any CPU
		{212FBA9F-47CE-44DD-B9FE-DD7A1F7DCA40}.Debug|ARM.Build.0 = Debug|Any CPU
		{212FBA9F-47CE-44DD-B9FE-DD7A1F7DCA40}.Debug|ARM.Deploy.0 = Debug|Any CPU
		{212FBA9F-47CE-44DD-B9FE-DD7A1F7DCA40}.Debug|iPhone.ActiveCfg = Debug|Any CPU
		{212FBA9F-47CE-44DD-B9FE-DD7A1F7DCA40}.Debug|iPhone.Build.0 = Debug|Any CPU
		{212FBA9F-47CE-44DD-B9FE-DD7A1F7DCA40}.Debug|iPhone.Deploy.0 = Debug|Any CPU
		{212FBA9F-47CE-44DD-B9FE-DD7A1F7DCA40}.Debug|iPhoneSimulator.ActiveCfg = Debug|Any CPU
		{212FBA9F-47CE-44DD-B9FE-DD7A1F7DCA40}.Debug|iPhoneSimulator.Build.0 = Debug|Any CPU
		{212FBA9F-47CE-44DD-B9FE-DD7A1F7DCA40}.Debug|iPhoneSimulator.Deploy.0 = Debug|Any CPU
		{212FBA9F-47CE-44DD-B9FE-DD7A1F7DCA40}.Debug|x64.ActiveCfg = Debug|Any CPU
		{212FBA9F-47CE-44DD-B9FE-DD7A1F7DCA40}.Debug|x64.Build.0 = Debug|Any CPU
		{212FBA9F-47CE-44DD-B9FE-DD7A1F7DCA40}.Debug|x64.Deploy.0 = Debug|Any CPU
		{212FBA9F-47CE-44DD-B9FE-DD7A1F7DCA40}.Debug|x86.ActiveCfg = Debug|Any CPU
		{212FBA9F-47CE-44DD-B9FE-DD7A1F7DCA40}.Debug|x86.Build.0 = Debug|Any CPU
		{212FBA9F-47CE-44DD-B9FE-DD7A1F7DCA40}.Debug|x86.Deploy.0 = Debug|Any CPU
		{212FBA9F-47CE-44DD-B9FE-DD7A1F7DCA40}.Release|Any CPU.ActiveCfg = Release|Any CPU
		{212FBA9F-47CE-44DD-B9FE-DD7A1F7DCA40}.Release|Any CPU.Build.0 = Release|Any CPU
		{212FBA9F-47CE-44DD-B9FE-DD7A1F7DCA40}.Release|Any CPU.Deploy.0 = Release|Any CPU
		{212FBA9F-47CE-44DD-B9FE-DD7A1F7DCA40}.Release|ARM.ActiveCfg = Release|Any CPU
		{212FBA9F-47CE-44DD-B9FE-DD7A1F7DCA40}.Release|ARM.Build.0 = Release|Any CPU
		{212FBA9F-47CE-44DD-B9FE-DD7A1F7DCA40}.Release|ARM.Deploy.0 = Release|Any CPU
		{212FBA9F-47CE-44DD-B9FE-DD7A1F7DCA40}.Release|iPhone.ActiveCfg = Release|Any CPU
		{212FBA9F-47CE-44DD-B9FE-DD7A1F7DCA40}.Release|iPhone.Build.0 = Release|Any CPU
		{212FBA9F-47CE-44DD-B9FE-DD7A1F7DCA40}.Release|iPhone.Deploy.0 = Release|Any CPU
		{212FBA9F-47CE-44DD-B9FE-DD7A1F7DCA40}.Release|iPhoneSimulator.ActiveCfg = Release|Any CPU
		{212FBA9F-47CE-44DD-B9FE-DD7A1F7DCA40}.Release|iPhoneSimulator.Build.0 = Release|Any CPU
		{212FBA9F-47CE-44DD-B9FE-DD7A1F7DCA40}.Release|iPhoneSimulator.Deploy.0 = Release|Any CPU
		{212FBA9F-47CE-44DD-B9FE-DD7A1F7DCA40}.Release|x64.ActiveCfg = Release|Any CPU
		{212FBA9F-47CE-44DD-B9FE-DD7A1F7DCA40}.Release|x64.Build.0 = Release|Any CPU
		{212FBA9F-47CE-44DD-B9FE-DD7A1F7DCA40}.Release|x64.Deploy.0 = Release|Any CPU
		{212FBA9F-47CE-44DD-B9FE-DD7A1F7DCA40}.Release|x86.ActiveCfg = Release|Any CPU
		{212FBA9F-47CE-44DD-B9FE-DD7A1F7DCA40}.Release|x86.Build.0 = Release|Any CPU
		{212FBA9F-47CE-44DD-B9FE-DD7A1F7DCA40}.Release|x86.Deploy.0 = Release|Any CPU
		{BED6CD1D-9CAC-49B3-89DC-DB4C04733212}.Debug|Any CPU.ActiveCfg = Debug|iPhone
		{BED6CD1D-9CAC-49B3-89DC-DB4C04733212}.Debug|Any CPU.Build.0 = Debug|iPhone
		{BED6CD1D-9CAC-49B3-89DC-DB4C04733212}.Debug|Any CPU.Deploy.0 = Debug|iPhone
		{BED6CD1D-9CAC-49B3-89DC-DB4C04733212}.Debug|ARM.ActiveCfg = Debug|iPhone
		{BED6CD1D-9CAC-49B3-89DC-DB4C04733212}.Debug|ARM.Build.0 = Debug|iPhone
		{BED6CD1D-9CAC-49B3-89DC-DB4C04733212}.Debug|ARM.Deploy.0 = Debug|iPhone
		{BED6CD1D-9CAC-49B3-89DC-DB4C04733212}.Debug|iPhone.ActiveCfg = Debug|iPhone
		{BED6CD1D-9CAC-49B3-89DC-DB4C04733212}.Debug|iPhone.Build.0 = Debug|iPhone
		{BED6CD1D-9CAC-49B3-89DC-DB4C04733212}.Debug|iPhone.Deploy.0 = Debug|iPhone
		{BED6CD1D-9CAC-49B3-89DC-DB4C04733212}.Debug|iPhoneSimulator.ActiveCfg = Debug|iPhoneSimulator
		{BED6CD1D-9CAC-49B3-89DC-DB4C04733212}.Debug|iPhoneSimulator.Build.0 = Debug|iPhoneSimulator
		{BED6CD1D-9CAC-49B3-89DC-DB4C04733212}.Debug|iPhoneSimulator.Deploy.0 = Debug|iPhoneSimulator
		{BED6CD1D-9CAC-49B3-89DC-DB4C04733212}.Debug|x64.ActiveCfg = Debug|iPhone
		{BED6CD1D-9CAC-49B3-89DC-DB4C04733212}.Debug|x64.Build.0 = Debug|iPhone
		{BED6CD1D-9CAC-49B3-89DC-DB4C04733212}.Debug|x64.Deploy.0 = Debug|iPhone
		{BED6CD1D-9CAC-49B3-89DC-DB4C04733212}.Debug|x86.ActiveCfg = Debug|iPhone
		{BED6CD1D-9CAC-49B3-89DC-DB4C04733212}.Debug|x86.Build.0 = Debug|iPhone
		{BED6CD1D-9CAC-49B3-89DC-DB4C04733212}.Debug|x86.Deploy.0 = Debug|iPhone
		{BED6CD1D-9CAC-49B3-89DC-DB4C04733212}.Release|Any CPU.ActiveCfg = Release|iPhone
		{BED6CD1D-9CAC-49B3-89DC-DB4C04733212}.Release|Any CPU.Build.0 = Release|iPhone
		{BED6CD1D-9CAC-49B3-89DC-DB4C04733212}.Release|Any CPU.Deploy.0 = Release|iPhone
		{BED6CD1D-9CAC-49B3-89DC-DB4C04733212}.Release|ARM.ActiveCfg = Release|iPhone
		{BED6CD1D-9CAC-49B3-89DC-DB4C04733212}.Release|ARM.Build.0 = Release|iPhone
		{BED6CD1D-9CAC-49B3-89DC-DB4C04733212}.Release|ARM.Deploy.0 = Release|iPhone
		{BED6CD1D-9CAC-49B3-89DC-DB4C04733212}.Release|iPhone.ActiveCfg = Release|iPhone
		{BED6CD1D-9CAC-49B3-89DC-DB4C04733212}.Release|iPhone.Build.0 = Release|iPhone
		{BED6CD1D-9CAC-49B3-89DC-DB4C04733212}.Release|iPhone.Deploy.0 = Release|iPhone
		{BED6CD1D-9CAC-49B3-89DC-DB4C04733212}.Release|iPhoneSimulator.ActiveCfg = Release|iPhoneSimulator
		{BED6CD1D-9CAC-49B3-89DC-DB4C04733212}.Release|iPhoneSimulator.Build.0 = Release|iPhoneSimulator
		{BED6CD1D-9CAC-49B3-89DC-DB4C04733212}.Release|iPhoneSimulator.Deploy.0 = Release|iPhoneSimulator
		{BED6CD1D-9CAC-49B3-89DC-DB4C04733212}.Release|x64.ActiveCfg = Release|iPhone
		{BED6CD1D-9CAC-49B3-89DC-DB4C04733212}.Release|x64.Build.0 = Release|iPhone
		{BED6CD1D-9CAC-49B3-89DC-DB4C04733212}.Release|x64.Deploy.0 = Release|iPhone
		{BED6CD1D-9CAC-49B3-89DC-DB4C04733212}.Release|x86.ActiveCfg = Release|iPhone
		{BED6CD1D-9CAC-49B3-89DC-DB4C04733212}.Release|x86.Build.0 = Release|iPhone
		{BED6CD1D-9CAC-49B3-89DC-DB4C04733212}.Release|x86.Deploy.0 = Release|iPhone
		{FBFAE3A9-CD1A-4FD9-B9DD-B54DBFDE26DD}.Debug|Any CPU.ActiveCfg = Debug|Any CPU
		{FBFAE3A9-CD1A-4FD9-B9DD-B54DBFDE26DD}.Debug|Any CPU.Build.0 = Debug|Any CPU
		{FBFAE3A9-CD1A-4FD9-B9DD-B54DBFDE26DD}.Debug|Any CPU.Deploy.0 = Debug|Any CPU
		{FBFAE3A9-CD1A-4FD9-B9DD-B54DBFDE26DD}.Debug|ARM.ActiveCfg = Debug|Any CPU
		{FBFAE3A9-CD1A-4FD9-B9DD-B54DBFDE26DD}.Debug|ARM.Build.0 = Debug|Any CPU
		{FBFAE3A9-CD1A-4FD9-B9DD-B54DBFDE26DD}.Debug|ARM.Deploy.0 = Debug|Any CPU
		{FBFAE3A9-CD1A-4FD9-B9DD-B54DBFDE26DD}.Debug|iPhone.ActiveCfg = Debug|Any CPU
		{FBFAE3A9-CD1A-4FD9-B9DD-B54DBFDE26DD}.Debug|iPhone.Build.0 = Debug|Any CPU
		{FBFAE3A9-CD1A-4FD9-B9DD-B54DBFDE26DD}.Debug|iPhone.Deploy.0 = Debug|Any CPU
		{FBFAE3A9-CD1A-4FD9-B9DD-B54DBFDE26DD}.Debug|iPhoneSimulator.ActiveCfg = Debug|Any CPU
		{FBFAE3A9-CD1A-4FD9-B9DD-B54DBFDE26DD}.Debug|iPhoneSimulator.Build.0 = Debug|Any CPU
		{FBFAE3A9-CD1A-4FD9-B9DD-B54DBFDE26DD}.Debug|iPhoneSimulator.Deploy.0 = Debug|Any CPU
		{FBFAE3A9-CD1A-4FD9-B9DD-B54DBFDE26DD}.Debug|x64.ActiveCfg = Debug|Any CPU
		{FBFAE3A9-CD1A-4FD9-B9DD-B54DBFDE26DD}.Debug|x64.Build.0 = Debug|Any CPU
		{FBFAE3A9-CD1A-4FD9-B9DD-B54DBFDE26DD}.Debug|x64.Deploy.0 = Debug|Any CPU
		{FBFAE3A9-CD1A-4FD9-B9DD-B54DBFDE26DD}.Debug|x86.ActiveCfg = Debug|Any CPU
		{FBFAE3A9-CD1A-4FD9-B9DD-B54DBFDE26DD}.Debug|x86.Build.0 = Debug|Any CPU
		{FBFAE3A9-CD1A-4FD9-B9DD-B54DBFDE26DD}.Debug|x86.Deploy.0 = Debug|Any CPU
		{FBFAE3A9-CD1A-4FD9-B9DD-B54DBFDE26DD}.Release|Any CPU.ActiveCfg = Release|Any CPU
		{FBFAE3A9-CD1A-4FD9-B9DD-B54DBFDE26DD}.Release|Any CPU.Build.0 = Release|Any CPU
		{FBFAE3A9-CD1A-4FD9-B9DD-B54DBFDE26DD}.Release|Any CPU.Deploy.0 = Release|Any CPU
		{FBFAE3A9-CD1A-4FD9-B9DD-B54DBFDE26DD}.Release|ARM.ActiveCfg = Release|Any CPU
		{FBFAE3A9-CD1A-4FD9-B9DD-B54DBFDE26DD}.Release|ARM.Build.0 = Release|Any CPU
		{FBFAE3A9-CD1A-4FD9-B9DD-B54DBFDE26DD}.Release|ARM.Deploy.0 = Release|Any CPU
		{FBFAE3A9-CD1A-4FD9-B9DD-B54DBFDE26DD}.Release|iPhone.ActiveCfg = Release|Any CPU
		{FBFAE3A9-CD1A-4FD9-B9DD-B54DBFDE26DD}.Release|iPhone.Build.0 = Release|Any CPU
		{FBFAE3A9-CD1A-4FD9-B9DD-B54DBFDE26DD}.Release|iPhone.Deploy.0 = Release|Any CPU
		{FBFAE3A9-CD1A-4FD9-B9DD-B54DBFDE26DD}.Release|iPhoneSimulator.ActiveCfg = Release|Any CPU
		{FBFAE3A9-CD1A-4FD9-B9DD-B54DBFDE26DD}.Release|iPhoneSimulator.Build.0 = Release|Any CPU
		{FBFAE3A9-CD1A-4FD9-B9DD-B54DBFDE26DD}.Release|iPhoneSimulator.Deploy.0 = Release|Any CPU
		{FBFAE3A9-CD1A-4FD9-B9DD-B54DBFDE26DD}.Release|x64.ActiveCfg = Release|Any CPU
		{FBFAE3A9-CD1A-4FD9-B9DD-B54DBFDE26DD}.Release|x64.Build.0 = Release|Any CPU
		{FBFAE3A9-CD1A-4FD9-B9DD-B54DBFDE26DD}.Release|x64.Deploy.0 = Release|Any CPU
		{FBFAE3A9-CD1A-4FD9-B9DD-B54DBFDE26DD}.Release|x86.ActiveCfg = Release|Any CPU
		{FBFAE3A9-CD1A-4FD9-B9DD-B54DBFDE26DD}.Release|x86.Build.0 = Release|Any CPU
		{FBFAE3A9-CD1A-4FD9-B9DD-B54DBFDE26DD}.Release|x86.Deploy.0 = Release|Any CPU
	EndGlobalSection
	GlobalSection(SolutionProperties) = preSolution
		HideSolutionNode = FALSE
	EndGlobalSection
	GlobalSection(ExtensibilityGlobals) = postSolution
		SolutionGuid = {C925F3DA-10D4-4F09-B144-CB220D1C17FD}
	EndGlobalSection
EndGlobal
